
Microsoft Visual Studio Solution File, Format Version 12.00
# Visual Studio 15
VisualStudioVersion = 15.0.28010.2041
MinimumVisualStudioVersion = 10.0.40219.1
Project("{8BC9CEB8-8B4A-11D0-8D11-00A0C91BC942}") = "Client", "Client\Client.vcxproj", "{A530E58F-AEC8-4BC0-8853-9567628BA709}"
EndProject
Global
	GlobalSection(SolutionConfigurationPlatforms) = preSolution
		Debug|x64 = Debug|x64
		Debug|x86 = Debug|x86
		Release|x64 = Release|x64
		Release|x86 = Release|x86
	EndGlobalSection
	GlobalSection(ProjectConfigurationPlatforms) = postSolution
		{A530E58F-AEC8-4BC0-8853-9567628BA709}.Debug|x64.ActiveCfg = Debug|x64
		{A530E58F-AEC8-4BC0-8853-9567628BA709}.Debug|x64.Build.0 = Debug|x64
		{A530E58F-AEC8-4BC0-8853-9567628BA709}.Debug|x86.ActiveCfg = Debug|Win32
		{A530E58F-AEC8-4BC0-8853-9567628BA709}.Debug|x86.Build.0 = Debug|Win32
		{A530E58F-AEC8-4BC0-8853-9567628BA709}.Release|x64.ActiveCfg = Release|x64
		{A530E58F-AEC8-4BC0-8853-9567628BA709}.Release|x64.Build.0 = Release|x64
		{A530E58F-AEC8-4BC0-8853-9567628BA709}.Release|x86.ActiveCfg = Release|Win32
		{A530E58F-AEC8-4BC0-8853-9567628BA709}.Release|x86.Build.0 = Release|Win32
	EndGlobalSection
	GlobalSection(SolutionProperties) = preSolution
		HideSolutionNode = FALSE
	EndGlobalSection
	GlobalSection(ExtensibilityGlobals) = postSolution
		SolutionGuid = {62DAE90F-62FF-4DCB-9288-F7565ADE53DD}
	EndGlobalSection
EndGlobal
